<?xml version="1.0" encoding="utf-8"?>
<Project ToolsVersion="4.0" xmlns="http://schemas.microsoft.com/developer/msbuild/2003">
  <ItemGroup>
    <Filter Include="Source Files">
      <UniqueIdentifier>{4FC737F1-C7A5-4376-A066-2A32D752A2FF}</UniqueIdentifier>
      <Extensions>cpp;c;cc;cxx;c++;cppm;ixx;def;odl;idl;hpj;bat;asm;asmx</Extensions>
    </Filter>
    <Filter Include="Header Files">
      <UniqueIdentifier>{93995380-89BD-4b04-88EB-625FBE52EBFB}</UniqueIdentifier>
      <Extensions>h;hh;hpp;hxx;h++;hm;inl;inc;ipp;xsd</Extensions>
    </Filter>
    <Filter Include="Resource Files">
      <UniqueIdentifier>{67DA6AB6-F800-4c08-8B7A-83BB121AAD01}</UniqueIdentifier>
      <Extensions>rc;ico;cur;bmp;dlg;rc2;rct;bin;rgs;gif;jpg;jpeg;jpe;resx;tiff;tif;png;wav;mfcribbon-ms</Extensions>
    </Filter>
  </ItemGroup>
  <ItemGroup>
    <ClInclude Include="sdk\aimp\5.40\apiAlbumArt.h">
      <Filter>Header Files</Filter>
    </ClInclude>
    <ClInclude Include="sdk\aimp\5.40\apiCore.h">
      <Filter>Header Files</Filter>
    </ClInclude>
    <ClInclude Include="sdk\aimp\5.40\apiFileManager.h">
      <Filter>Header Files</Filter>
    </ClInclude>
    <ClInclude Include="sdk\aimp\5.40\apiMessages.h">
      <Filter>Header Files</Filter>
    </ClInclude>
    <ClInclude Include="sdk\aimp\5.40\apiMusicLibrary.h">
      <Filter>Header Files</Filter>
    </ClInclude>
    <ClInclude Include="sdk\aimp\5.40\apiObjects.h">
      <Filter>Header Files</Filter>
    </ClInclude>
    <ClInclude Include="sdk\aimp\5.40\apiPlayer.h">
      <Filter>Header Files</Filter>
    </ClInclude>
    <ClInclude Include="sdk\aimp\5.40\apiPlaylists.h">
      <Filter>Header Files</Filter>
    </ClInclude>
    <ClInclude Include="sdk\aimp\5.40\apiPlugin.h">
      <Filter>Header Files</Filter>
    </ClInclude>
    <ClInclude Include="sdk\aimp\5.40\apiRemote.h">
      <Filter>Header Files</Filter>
    </ClInclude>
    <ClInclude Include="sdk\aimp\5.40\apiThreading.h">
      <Filter>Header Files</Filter>
    </ClInclude>
    <ClInclude Include="sdk\aimp\5.40\apiTypes.h">
      <Filter>Header Files</Filter>
    </ClInclude>
    <ClInclude Include="src\framework.h">
      <Filter>Header Files</Filter>
    </ClInclude>
    <ClInclude Include="src\pch.h">
      <Filter>Header Files</Filter>
    </ClInclude>
    <ClInclude Include="src\resource.h">
      <Filter>Header Files</Filter>
    </ClInclude>
    <ClInclude Include="src\core\Plugin.h">
      <Filter>Header Files</Filter>
    </ClInclude>
    <ClInclude Include="src\models\Playlist.h">
      <Filter>Header Files</Filter>
    </ClInclude>
    <ClInclude Include="src\models\Track.h">
      <Filter>Header Files</Filter>
    </ClInclude>
    <ClInclude Include="src\routes\PlayerRoutes.h">
      <Filter>Header Files</Filter>
    </ClInclude>
    <ClInclude Include="src\tasks\CGetCurrentPlaylistTask.h">
      <Filter>Header Files</Filter>
    </ClInclude>
    <ClInclude Include="src\tasks\CGetPlaylistItemsTask.h">
      <Filter>Header Files</Filter>
    </ClInclude>
    <ClInclude Include="src\tasks\CGetPlaylistsTask.h">
      <Filter>Header Files</Filter>
    </ClInclude>
    <ClInclude Include="src\tasks\CGetPlaylistStatsTask.h">
      <Filter>Header Files</Filter>
    </ClInclude>
    <ClInclude Include="src\tasks\CPlayItemTask.h">
      <Filter>Header Files</Filter>
    </ClInclude>
    <ClInclude Include="src\core\Config.h">
      <Filter>Header Files</Filter>
    </ClInclude>
    <ClInclude Include="src\routes\PlaylistRoutes.h">
      <Filter>Header Files</Filter>
    </ClInclude>
    <ClInclude Include="src\routes\TrackRoutes.h">
      <Filter>Header Files</Filter>
    </ClInclude>
    <ClInclude Include="src\tasks\CGetPlaylistInfoTask.h">
      <Filter>Header Files</Filter>
    </ClInclude>
    <ClInclude Include="sdk\aimp\5.40\apiOptions.h">
      <Filter>Header Files</Filter>
    </ClInclude>
    <ClInclude Include="sdk\aimp\5.40\apiGUI.h">
      <Filter>Header Files</Filter>
    </ClInclude>
    <ClInclude Include="sdk\aimp\5.40\apiMenu.h">
      <Filter>Header Files</Filter>
    </ClInclude>
    <ClInclude Include="sdk\aimp\5.40\apiActions.h">
      <Filter>Header Files</Filter>
    </ClInclude>
    <ClInclude Include="src\helpers\QRHelper.h">
      <Filter>Header Files</Filter>
    </ClInclude>
    <ClInclude Include="src\helpers\NetworkHelper.h">
      <Filter>Header Files</Filter>
    </ClInclude>
    <ClInclude Include="src\third_party\qrcodegen\qrcodegen.hpp">
      <Filter>Header Files</Filter>
    </ClInclude>
    <ClInclude Include="src\tasks\CGetPlaylistTrackUriTask.h">
      <Filter>Header Files</Filter>
    </ClInclude>
    <ClInclude Include="src\helpers\AlbumArtHelper.h">
      <Filter>Header Files</Filter>
    </ClInclude>
    <ClInclude Include="src\helpers\TrackInfoHelper.h">
      <Filter>Header Files</Filter>
    </ClInclude>
    <ClInclude Include="src\tasks\CGetTrackInfoTask.h">
      <Filter>Header Files</Filter>
    </ClInclude>
    <ClInclude Include="src\tasks\CGetTrackLyricsTask.h">
      <Filter>Header Files</Filter>
    </ClInclude>
    <ClInclude Include="src\tasks\CDeletePlaylistItemTask.h">
      <Filter>Header Files</Filter>
    </ClInclude>
    <ClInclude Include="src\routes\SystemRoutes.h">
      <Filter>Header Files</Filter>
    </ClInclude>
    <ClInclude Include="src\tasks\CAddSongsTask.h">
      <Filter>Header Files</Filter>
    </ClInclude>
    <ClInclude Include="src\tasks\CCreatePlaylistTask.h">
      <Filter>Header Files</Filter>
    </ClInclude>
    <ClInclude Include="src\tasks\CDownloadTrackTask.h">
      <Filter>Header Files</Filter>
    </ClInclude>
    <ClInclude Include="src\tasks\CAddSongsQueueTask.h">
      <Filter>Header Files</Filter>
    </ClInclude>
    <ClInclude Include="src\tasks\CDeleteSongsQueueTask.h">
      <Filter>Header Files</Filter>
    </ClInclude>
    <ClInclude Include="src\tasks\CMoveSongQueueTask.h">
      <Filter>Header Files</Filter>
    </ClInclude>
    <ClInclude Include="src\tasks\CGetQueueTask.h">
      <Filter>Header Files</Filter>
    </ClInclude>
    <ClInclude Include="src\routes\QueueRoutes.h">
      <Filter>Header Files</Filter>
    </ClInclude>
    <ClInclude Include="src\routes\PocRoutes.h">
      <Filter>Header Files</Filter>
    </ClInclude>
    <ClInclude Include="src\core\PlaybackQueueExtension.h">
      <Filter>Header Files</Filter>
    </ClInclude>
    <ClInclude Include="src\tasks\CMainThreadTask.h">
      <Filter>Header Files</Filter>
    </ClInclude>
  </ItemGroup>
  <ItemGroup>
    <ClCompile Include="src\dllmain.cpp">
      <Filter>Source Files</Filter>
    </ClCompile>
    <ClCompile Include="src\pch.cpp">
      <Filter>Source Files</Filter>
    </ClCompile>
    <ClCompile Include="src\core\Plugin.cpp">
      <Filter>Source Files</Filter>
    </ClCompile>
    <ClCompile Include="src\routes\PlayerRoutes.cpp">
      <Filter>Source Files</Filter>
    </ClCompile>
    <ClCompile Include="src\tasks\CGetCurrentPlaylistTask.cpp">
      <Filter>Source Files</Filter>
    </ClCompile>
    <ClCompile Include="src\tasks\CGetPlaylistItemsTask.cpp">
      <Filter>Source Files</Filter>
    </ClCompile>
    <ClCompile Include="src\tasks\CGetPlaylistsTask.cpp">
      <Filter>Source Files</Filter>
    </ClCompile>
    <ClCompile Include="src\tasks\CGetPlaylistStatsTask.cpp">
      <Filter>Source Files</Filter>
    </ClCompile>
    <ClCompile Include="src\tasks\CPlayItemTask.cpp">
      <Filter>Source Files</Filter>
    </ClCompile>
    <ClCompile Include="src\routes\PlaylistRoutes.cpp">
      <Filter>Source Files</Filter>
    </ClCompile>
    <ClCompile Include="src\routes\TrackRoutes.cpp">
      <Filter>Source Files</Filter>
    </ClCompile>
    <ClCompile Include="src\tasks\CGetPlaylistInfoTask.cpp">
      <Filter>Source Files</Filter>
    </ClCompile>
    <ClCompile Include="src\helpers\QRHelper.cpp">
      <Filter>Source Files</Filter>
    </ClCompile>
    <ClCompile Include="src\helpers\NetworkHelper.cpp">
      <Filter>Source Files</Filter>
    </ClCompile>
    <ClCompile Include="src\core\PluginLifecycle.cpp">
      <Filter>Source Files</Filter>
    </ClCompile>
    <ClCompile Include="src\core\PluginUI.cpp">
      <Filter>Source Files</Filter>
    </ClCompile>
    <ClCompile Include="src\core\PluginEvents.cpp">
      <Filter>Source Files</Filter>
    </ClCompile>
    <ClCompile Include="src\core\PluginUtils.cpp">
      <Filter>Source Files</Filter>
    </ClCompile>
    <ClCompile Include="src\third_party\qrcodegen\qrcodegen.cpp">
      <Filter>Source Files</Filter>
    </ClCompile>
    <ClCompile Include="src\tasks\CGetPlaylistTrackUriTask.cpp">
      <Filter>Source Files</Filter>
    </ClCompile>
    <ClCompile Include="src\helpers\AlbumArtHelper.cpp">
      <Filter>Source Files</Filter>
    </ClCompile>
    <ClCompile Include="src\helpers\TrackInfoHelper.cpp">
      <Filter>Source Files</Filter>
    </ClCompile>
    <ClCompile Include="src\tasks\CGetTrackInfoTask.cpp">
      <Filter>Source Files</Filter>
    </ClCompile>
    <ClCompile Include="src\tasks\CGetTrackLyricsTask.cpp">
      <Filter>Source Files</Filter>
    </ClCompile>
    <ClCompile Include="src\tasks\CDeletePlaylistItemTask.cpp">
      <Filter>Source Files</Filter>
    </ClCompile>
    <ClCompile Include="src\routes\SystemRoutes.cpp">
      <Filter>Source Files</Filter>
    </ClCompile>
    <ClCompile Include="src\tasks\CAddSongsTask.cpp">
      <Filter>Source Files</Filter>
    </ClCompile>
    <ClCompile Include="src\tasks\CCreatePlaylistTask.cpp">
      <Filter>Source Files</Filter>
    </ClCompile>
    <ClCompile Include="src\tasks\CDownloadTrackTask.cpp">
      <Filter>Source Files</Filter>
    </ClCompile>
    <ClCompile Include="src\tasks\CAddSongsQueueTask.cpp">
      <Filter>Source Files</Filter>
    </ClCompile>
    <ClCompile Include="src\tasks\CDeleteSongsQueueTask.cpp">
      <Filter>Source Files</Filter>
    </ClCompile>
    <ClCompile Include="src\tasks\CMoveSongQueueTask.cpp">
      <Filter>Source Files</Filter>
    </ClCompile>
    <ClCompile Include="src\tasks\CGetQueueTask.cpp">
      <Filter>Source Files</Filter>
    </ClCompile>
    <ClCompile Include="src\routes\QueueRoutes.cpp">
      <Filter>Source Files</Filter>
    </ClCompile>
    <ClCompile Include="src\routes\PocRoutes.cpp">
      <Filter>Source Files</Filter>
    </ClCompile>
    <ClCompile Include="src\core\PlaybackQueueExtension.cpp">
      <Filter>Source Files</Filter>
    </ClCompile>
  </ItemGroup>
  <ItemGroup>
    <ResourceCompile Include="src\aimp_remote_reitansora.rc">
      <Filter>Resource Files</Filter>
    </ResourceCompile>
  </ItemGroup>
  <ItemGroup>
    <None Include="src\Source.def">
      <Filter>Source Files</Filter>
    </None>
  </ItemGroup>
</Project>